{
  "name": "excel-sirion-cli",
  "version": "1.0.0",
  "lockfileVersion": 3,
  "requires": true,
  "packages": {
    "": {
      "name": "excel-sirion-cli",
      "version": "1.0.0",
      "license": "ISC",
      "dependencies": {
        "bottleneck": "^2.19.5",
        "dotenv": "^17.4.2",
        "map-transform": "^1.5.4",
        "xlsx": "https://cdn.sheetjs.com/xlsx-0.20.3/xlsx-0.20.3.tgz"
      }
    },
    "node_modules/bottleneck": {
      "version": "2.19.5",
      "resolved": "https://registry.npmjs.org/bottleneck/-/bottleneck-2.19.5.tgz",
      "integrity": "sha512-VHiNCbI1lKdl44tGrhNfU3lup0Tj/ZBMJB5/2ZbNXRCPuRCO7ed2mgcK4r17y+KB2EfuYuRaVlwNbAeaWGSpbw==",
      "license": "MIT"
    },
    "node_modules/deepmerge": {
      "version": "4.3.1",
      "resolved": "https://registry.npmjs.org/deepmerge/-/deepmerge-4.3.1.tgz",
      "integrity": "sha512-3sUqbMEc77XqpdNO7FRyRog+eW3ph+GYCbj+rK+uYyRMuwsVy0rMiVtPn+QJlKFvWP/1PYpapqYn0Me2knFn+A==",
      "license": "MIT",
      "engines": {
        "node": ">=0.10.0"
      }
    },
    "node_modules/dotenv": {
      "version": "17.4.2",
      "resolved": "https://registry.npmjs.org/dotenv/-/dotenv-17.4.2.tgz",
      "integrity": "sha512-nI4U3TottKAcAD9LLud4Cb7b2QztQMUEfHbvhTH09bqXTxnSie8WnjPALV/WMCrJZ6UV/qHJ6L03OqO3LcdYZw==",
      "license": "BSD-2-Clause",
      "engines": {
        "node": ">=12"
      },
      "funding": {
        "url": "https://dotenvx.com"
      }
    },
    "node_modules/map-any": {
      "version": "1.0.0",
      "resolved": "https://registry.npmjs.org/map-any/-/map-any-1.0.0.tgz",
      "integrity": "sha512-e/Og7gTAVi/9npRJYoz/8GqvlQrHJ+nSAUF6FbDKwra0vbEci0IrJk1eYy2SnPUfjq8oWBtMw2rvI0dQV0RlMg==",
      "license": "ISC",
      "engines": {
        "node": ">= 18"
      }
    },
    "node_modules/map-transform": {
      "version": "1.5.4",
      "resolved": "https://registry.npmjs.org/map-transform/-/map-transform-1.5.4.tgz",
      "integrity": "sha512-UjbYKVX5DdnKV5GUzXzX8NfSZMRcpHyfLjhBrvszgC+BwlJRx6yZbtk+GERgF+cGIMUtQWu5WKc5TTrujDHNvw==",
      "license": "ISC",
      "dependencies": {
        "deepmerge": "^4.3.1",
        "map-any": "^1.0.0"
      },
      "engines": {
        "node": ">= 14"
      }
    },
    "node_modules/xlsx": {
      "version": "0.20.3",
      "resolved": "https://cdn.sheetjs.com/xlsx-0.20.3/xlsx-0.20.3.tgz",
      "integrity": "sha512-oLDq3jw7AcLqKWH2AhCpVTZl8mf6X2YReP+Neh0SJUzV/BdZYjth94tG5toiMB1PPrYtxOCfaoUCkvtuH+3AJA==",
      "license": "Apache-2.0",
      "bin": {
        "xlsx": "bin/xlsx.njs"
      },
      "engines": {
        "node": ">=0.8"
      }
    }
  }
}
